
Microsoft Visual Studio Solution File, Format Version 12.00
# Visual Studio Version 16
VisualStudioVersion = 16.0.30803.129
MinimumVisualStudioVersion = 10.0.40219.1
Project("{FAE04EC0-301F-11D3-BF4B-00C04F79EFBC}") = "StudentsMarksExample", "StudentsMarksExample\StudentsMarksExample.csproj", "{B4457C58-356E-4BAC-A2FA-70F86F0F0B94}"
EndProject
Global
	GlobalSection(SolutionConfigurationPlatforms) = preSolution
		Debug|Any CPU = Debug|Any CPU
		Release|Any CPU = Release|Any CPU
	EndGlobalSection
	GlobalSection(ProjectConfigurationPlatforms) = postSolution
		{B4457C58-356E-4BAC-A2FA-70F86F0F0B94}.Debug|Any CPU.ActiveCfg = Debug|Any CPU
		{B4457C58-356E-4BAC-A2FA-70F86F0F0B94}.Debug|Any CPU.Build.0 = Debug|Any CPU
		{B4457C58-356E-4BAC-A2FA-70F86F0F0B94}.Release|Any CPU.ActiveCfg = Release|Any CPU
		{B4457C58-356E-4BAC-A2FA-70F86F0F0B94}.Release|Any CPU.Build.0 = Release|Any CPU
	EndGlobalSection
	GlobalSection(SolutionProperties) = preSolution
		HideSolutionNode = FALSE
	EndGlobalSection
	GlobalSection(ExtensibilityGlobals) = postSolution
		SolutionGuid = {10FFB06F-69E8-4677-8E5D-C857B993D124}
	EndGlobalSection
EndGlobal
