
Microsoft Visual Studio Solution File, Format Version 12.00
# Visual Studio Version 16
VisualStudioVersion = 16.0.30803.129
MinimumVisualStudioVersion = 10.0.40219.1
Project("{FAE04EC0-301F-11D3-BF4B-00C04F79EFBC}") = "ProblemsForInterview", "ProblemsForInterview\ProblemsForInterview.csproj", "{C6229C89-E758-45C1-BF6A-1E32DA434B90}"
EndProject
Global
	GlobalSection(SolutionConfigurationPlatforms) = preSolution
		Debug|Any CPU = Debug|Any CPU
		Release|Any CPU = Release|Any CPU
	EndGlobalSection
	GlobalSection(ProjectConfigurationPlatforms) = postSolution
		{C6229C89-E758-45C1-BF6A-1E32DA434B90}.Debug|Any CPU.ActiveCfg = Debug|Any CPU
		{C6229C89-E758-45C1-BF6A-1E32DA434B90}.Debug|Any CPU.Build.0 = Debug|Any CPU
		{C6229C89-E758-45C1-BF6A-1E32DA434B90}.Release|Any CPU.ActiveCfg = Release|Any CPU
		{C6229C89-E758-45C1-BF6A-1E32DA434B90}.Release|Any CPU.Build.0 = Release|Any CPU
	EndGlobalSection
	GlobalSection(SolutionProperties) = preSolution
		HideSolutionNode = FALSE
	EndGlobalSection
	GlobalSection(ExtensibilityGlobals) = postSolution
		SolutionGuid = {370526D9-6784-4CBC-8AD4-9EC6BDEF3B91}
	EndGlobalSection
EndGlobal
