
Microsoft Visual Studio Solution File, Format Version 12.00
# Visual Studio Version 16
VisualStudioVersion = 16.0.30803.129
MinimumVisualStudioVersion = 10.0.40219.1
Project("{FAE04EC0-301F-11D3-BF4B-00C04F79EFBC}") = "Interface_Learning", "Interface_Learning\Interface_Learning.csproj", "{335ECD27-AB89-4C79-8F09-2EDA47FB800B}"
EndProject
Project("{FAE04EC0-301F-11D3-BF4B-00C04F79EFBC}") = "DemoLibraries", "DemoLibraries\DemoLibraries.csproj", "{726D3F06-6E60-4563-8182-DA2BCFC20878}"
EndProject
Global
	GlobalSection(SolutionConfigurationPlatforms) = preSolution
		Debug|Any CPU = Debug|Any CPU
		Release|Any CPU = Release|Any CPU
	EndGlobalSection
	GlobalSection(ProjectConfigurationPlatforms) = postSolution
		{335ECD27-AB89-4C79-8F09-2EDA47FB800B}.Debug|Any CPU.ActiveCfg = Debug|Any CPU
		{335ECD27-AB89-4C79-8F09-2EDA47FB800B}.Debug|Any CPU.Build.0 = Debug|Any CPU
		{335ECD27-AB89-4C79-8F09-2EDA47FB800B}.Release|Any CPU.ActiveCfg = Release|Any CPU
		{335ECD27-AB89-4C79-8F09-2EDA47FB800B}.Release|Any CPU.Build.0 = Release|Any CPU
		{726D3F06-6E60-4563-8182-DA2BCFC20878}.Debug|Any CPU.ActiveCfg = Debug|Any CPU
		{726D3F06-6E60-4563-8182-DA2BCFC20878}.Debug|Any CPU.Build.0 = Debug|Any CPU
		{726D3F06-6E60-4563-8182-DA2BCFC20878}.Release|Any CPU.ActiveCfg = Release|Any CPU
		{726D3F06-6E60-4563-8182-DA2BCFC20878}.Release|Any CPU.Build.0 = Release|Any CPU
	EndGlobalSection
	GlobalSection(SolutionProperties) = preSolution
		HideSolutionNode = FALSE
	EndGlobalSection
	GlobalSection(ExtensibilityGlobals) = postSolution
		SolutionGuid = {DBDD063C-3DC2-4E86-9099-ADDFEAE5E2E1}
	EndGlobalSection
EndGlobal
