
Microsoft Visual Studio Solution File, Format Version 12.00
# Visual Studio Version 16
VisualStudioVersion = 16.0.30803.129
MinimumVisualStudioVersion = 10.0.40219.1
Project("{FAE04EC0-301F-11D3-BF4B-00C04F79EFBC}") = "AnonymousTypesExample", "AnonymousTypesExample\AnonymousTypesExample.csproj", "{19A119E9-C063-4682-A7E2-68587E188AD9}"
EndProject
Global
	GlobalSection(SolutionConfigurationPlatforms) = preSolution
		Debug|Any CPU = Debug|Any CPU
		Release|Any CPU = Release|Any CPU
	EndGlobalSection
	GlobalSection(ProjectConfigurationPlatforms) = postSolution
		{19A119E9-C063-4682-A7E2-68587E188AD9}.Debug|Any CPU.ActiveCfg = Debug|Any CPU
		{19A119E9-C063-4682-A7E2-68587E188AD9}.Debug|Any CPU.Build.0 = Debug|Any CPU
		{19A119E9-C063-4682-A7E2-68587E188AD9}.Release|Any CPU.ActiveCfg = Release|Any CPU
		{19A119E9-C063-4682-A7E2-68587E188AD9}.Release|Any CPU.Build.0 = Release|Any CPU
	EndGlobalSection
	GlobalSection(SolutionProperties) = preSolution
		HideSolutionNode = FALSE
	EndGlobalSection
	GlobalSection(ExtensibilityGlobals) = postSolution
		SolutionGuid = {AB58600F-E880-4D42-BAC6-13182B22D737}
	EndGlobalSection
EndGlobal
