
Microsoft Visual Studio Solution File, Format Version 12.00
# Visual Studio Version 16
VisualStudioVersion = 16.0.30803.129
MinimumVisualStudioVersion = 10.0.40219.1
Project("{FAE04EC0-301F-11D3-BF4B-00C04F79EFBC}") = "ValueAndReferenceTypes", "ValueAndReferenceTypes\ValueAndReferenceTypes.csproj", "{22116135-FEC8-47DB-80A8-3AC436004BEA}"
EndProject
Global
	GlobalSection(SolutionConfigurationPlatforms) = preSolution
		Debug|Any CPU = Debug|Any CPU
		Release|Any CPU = Release|Any CPU
	EndGlobalSection
	GlobalSection(ProjectConfigurationPlatforms) = postSolution
		{22116135-FEC8-47DB-80A8-3AC436004BEA}.Debug|Any CPU.ActiveCfg = Debug|Any CPU
		{22116135-FEC8-47DB-80A8-3AC436004BEA}.Debug|Any CPU.Build.0 = Debug|Any CPU
		{22116135-FEC8-47DB-80A8-3AC436004BEA}.Release|Any CPU.ActiveCfg = Release|Any CPU
		{22116135-FEC8-47DB-80A8-3AC436004BEA}.Release|Any CPU.Build.0 = Release|Any CPU
	EndGlobalSection
	GlobalSection(SolutionProperties) = preSolution
		HideSolutionNode = FALSE
	EndGlobalSection
	GlobalSection(ExtensibilityGlobals) = postSolution
		SolutionGuid = {FEE5707F-687D-4F44-8501-2B93E673607F}
	EndGlobalSection
EndGlobal
