
Microsoft Visual Studio Solution File, Format Version 12.00
# Visual Studio Version 16
VisualStudioVersion = 16.0.30803.129
MinimumVisualStudioVersion = 10.0.40219.1
Project("{FAE04EC0-301F-11D3-BF4B-00C04F79EFBC}") = "StaticMethods", "StaticMethods\StaticMethods.csproj", "{DE5FA9AE-9817-4E55-AEAF-9448C197813D}"
EndProject
Global
	GlobalSection(SolutionConfigurationPlatforms) = preSolution
		Debug|Any CPU = Debug|Any CPU
		Release|Any CPU = Release|Any CPU
	EndGlobalSection
	GlobalSection(ProjectConfigurationPlatforms) = postSolution
		{DE5FA9AE-9817-4E55-AEAF-9448C197813D}.Debug|Any CPU.ActiveCfg = Debug|Any CPU
		{DE5FA9AE-9817-4E55-AEAF-9448C197813D}.Debug|Any CPU.Build.0 = Debug|Any CPU
		{DE5FA9AE-9817-4E55-AEAF-9448C197813D}.Release|Any CPU.ActiveCfg = Release|Any CPU
		{DE5FA9AE-9817-4E55-AEAF-9448C197813D}.Release|Any CPU.Build.0 = Release|Any CPU
	EndGlobalSection
	GlobalSection(SolutionProperties) = preSolution
		HideSolutionNode = FALSE
	EndGlobalSection
	GlobalSection(ExtensibilityGlobals) = postSolution
		SolutionGuid = {77DEE80A-258B-4AA3-8BD7-25F7DAA47DC2}
	EndGlobalSection
EndGlobal
