
Microsoft Visual Studio Solution File, Format Version 12.00
# Visual Studio Version 16
VisualStudioVersion = 16.0.30803.129
MinimumVisualStudioVersion = 10.0.40219.1
Project("{FAE04EC0-301F-11D3-BF4B-00C04F79EFBC}") = "TextFilesInCsharp", "TextFilesInCsharp\TextFilesInCsharp.csproj", "{E754EB6E-1197-4DFB-966F-8A5A78482CE9}"
EndProject
Global
	GlobalSection(SolutionConfigurationPlatforms) = preSolution
		Debug|Any CPU = Debug|Any CPU
		Release|Any CPU = Release|Any CPU
	EndGlobalSection
	GlobalSection(ProjectConfigurationPlatforms) = postSolution
		{E754EB6E-1197-4DFB-966F-8A5A78482CE9}.Debug|Any CPU.ActiveCfg = Debug|Any CPU
		{E754EB6E-1197-4DFB-966F-8A5A78482CE9}.Debug|Any CPU.Build.0 = Debug|Any CPU
		{E754EB6E-1197-4DFB-966F-8A5A78482CE9}.Release|Any CPU.ActiveCfg = Release|Any CPU
		{E754EB6E-1197-4DFB-966F-8A5A78482CE9}.Release|Any CPU.Build.0 = Release|Any CPU
	EndGlobalSection
	GlobalSection(SolutionProperties) = preSolution
		HideSolutionNode = FALSE
	EndGlobalSection
	GlobalSection(ExtensibilityGlobals) = postSolution
		SolutionGuid = {3D56B873-2083-4255-BB31-A9AA81E2A29F}
	EndGlobalSection
EndGlobal
