
Microsoft Visual Studio Solution File, Format Version 12.00
# Visual Studio Version 16
VisualStudioVersion = 16.0.30803.129
MinimumVisualStudioVersion = 10.0.40219.1
Project("{FAE04EC0-301F-11D3-BF4B-00C04F79EFBC}") = "EstimateComplexity", "EstimateComplexity\EstimateComplexity.csproj", "{401A7979-AC59-46EC-B0BA-BE775186C3E1}"
EndProject
Global
	GlobalSection(SolutionConfigurationPlatforms) = preSolution
		Debug|Any CPU = Debug|Any CPU
		Release|Any CPU = Release|Any CPU
	EndGlobalSection
	GlobalSection(ProjectConfigurationPlatforms) = postSolution
		{401A7979-AC59-46EC-B0BA-BE775186C3E1}.Debug|Any CPU.ActiveCfg = Debug|Any CPU
		{401A7979-AC59-46EC-B0BA-BE775186C3E1}.Debug|Any CPU.Build.0 = Debug|Any CPU
		{401A7979-AC59-46EC-B0BA-BE775186C3E1}.Release|Any CPU.ActiveCfg = Release|Any CPU
		{401A7979-AC59-46EC-B0BA-BE775186C3E1}.Release|Any CPU.Build.0 = Release|Any CPU
	EndGlobalSection
	GlobalSection(SolutionProperties) = preSolution
		HideSolutionNode = FALSE
	EndGlobalSection
	GlobalSection(ExtensibilityGlobals) = postSolution
		SolutionGuid = {2767538A-4FAE-411C-883F-AE9BA95CCCA2}
	EndGlobalSection
EndGlobal
