
Microsoft Visual Studio Solution File, Format Version 12.00
# Visual Studio Version 16
VisualStudioVersion = 16.0.30803.129
MinimumVisualStudioVersion = 10.0.40219.1
Project("{FAE04EC0-301F-11D3-BF4B-00C04F79EFBC}") = "MoreAboutGenerics", "MoreAboutGenerics\MoreAboutGenerics.csproj", "{0FDDF53E-F343-4717-96E7-D52F4AFECDBB}"
EndProject
Project("{FAE04EC0-301F-11D3-BF4B-00C04F79EFBC}") = "GenericsExample_1", "GenericsExample_1\GenericsExample_1.csproj", "{4EA815AB-29B6-4309-9893-3ADA05E187A0}"
EndProject
Global
	GlobalSection(SolutionConfigurationPlatforms) = preSolution
		Debug|Any CPU = Debug|Any CPU
		Release|Any CPU = Release|Any CPU
	EndGlobalSection
	GlobalSection(ProjectConfigurationPlatforms) = postSolution
		{0FDDF53E-F343-4717-96E7-D52F4AFECDBB}.Debug|Any CPU.ActiveCfg = Debug|Any CPU
		{0FDDF53E-F343-4717-96E7-D52F4AFECDBB}.Debug|Any CPU.Build.0 = Debug|Any CPU
		{0FDDF53E-F343-4717-96E7-D52F4AFECDBB}.Release|Any CPU.ActiveCfg = Release|Any CPU
		{0FDDF53E-F343-4717-96E7-D52F4AFECDBB}.Release|Any CPU.Build.0 = Release|Any CPU
		{4EA815AB-29B6-4309-9893-3ADA05E187A0}.Debug|Any CPU.ActiveCfg = Debug|Any CPU
		{4EA815AB-29B6-4309-9893-3ADA05E187A0}.Debug|Any CPU.Build.0 = Debug|Any CPU
		{4EA815AB-29B6-4309-9893-3ADA05E187A0}.Release|Any CPU.ActiveCfg = Release|Any CPU
		{4EA815AB-29B6-4309-9893-3ADA05E187A0}.Release|Any CPU.Build.0 = Release|Any CPU
	EndGlobalSection
	GlobalSection(SolutionProperties) = preSolution
		HideSolutionNode = FALSE
	EndGlobalSection
	GlobalSection(ExtensibilityGlobals) = postSolution
		SolutionGuid = {0C22A106-3E26-49D3-9D97-4DD388A16E08}
	EndGlobalSection
EndGlobal
