
Microsoft Visual Studio Solution File, Format Version 12.00
# Visual Studio Version 16
VisualStudioVersion = 16.0.30803.129
MinimumVisualStudioVersion = 10.0.40219.1
Project("{FAE04EC0-301F-11D3-BF4B-00C04F79EFBC}") = "ExceptionHandling", "ExceptionHandling\ExceptionHandling.csproj", "{A6F1A684-66B9-465B-9DEA-B54044712CBF}"
EndProject
Global
	GlobalSection(SolutionConfigurationPlatforms) = preSolution
		Debug|Any CPU = Debug|Any CPU
		Release|Any CPU = Release|Any CPU
	EndGlobalSection
	GlobalSection(ProjectConfigurationPlatforms) = postSolution
		{A6F1A684-66B9-465B-9DEA-B54044712CBF}.Debug|Any CPU.ActiveCfg = Debug|Any CPU
		{A6F1A684-66B9-465B-9DEA-B54044712CBF}.Debug|Any CPU.Build.0 = Debug|Any CPU
		{A6F1A684-66B9-465B-9DEA-B54044712CBF}.Release|Any CPU.ActiveCfg = Release|Any CPU
		{A6F1A684-66B9-465B-9DEA-B54044712CBF}.Release|Any CPU.Build.0 = Release|Any CPU
	EndGlobalSection
	GlobalSection(SolutionProperties) = preSolution
		HideSolutionNode = FALSE
	EndGlobalSection
	GlobalSection(ExtensibilityGlobals) = postSolution
		SolutionGuid = {72B7E6BF-0FA3-45EF-9484-4D2555B71A50}
	EndGlobalSection
EndGlobal
