
Microsoft Visual Studio Solution File, Format Version 12.00
# Visual Studio Version 16
VisualStudioVersion = 16.0.30803.129
MinimumVisualStudioVersion = 10.0.40219.1
Project("{FAE04EC0-301F-11D3-BF4B-00C04F79EFBC}") = "LinearDataStructuresStack", "LinearDataStructuresStack\LinearDataStructuresStack.csproj", "{96DEC009-33FC-40C8-92DA-73C0FEDF6E50}"
EndProject
Global
	GlobalSection(SolutionConfigurationPlatforms) = preSolution
		Debug|Any CPU = Debug|Any CPU
		Release|Any CPU = Release|Any CPU
	EndGlobalSection
	GlobalSection(ProjectConfigurationPlatforms) = postSolution
		{96DEC009-33FC-40C8-92DA-73C0FEDF6E50}.Debug|Any CPU.ActiveCfg = Debug|Any CPU
		{96DEC009-33FC-40C8-92DA-73C0FEDF6E50}.Debug|Any CPU.Build.0 = Debug|Any CPU
		{96DEC009-33FC-40C8-92DA-73C0FEDF6E50}.Release|Any CPU.ActiveCfg = Release|Any CPU
		{96DEC009-33FC-40C8-92DA-73C0FEDF6E50}.Release|Any CPU.Build.0 = Release|Any CPU
	EndGlobalSection
	GlobalSection(SolutionProperties) = preSolution
		HideSolutionNode = FALSE
	EndGlobalSection
	GlobalSection(ExtensibilityGlobals) = postSolution
		SolutionGuid = {D8F9F7CD-941D-4F24-8362-C3D3B40D1CBE}
	EndGlobalSection
EndGlobal
