
Microsoft Visual Studio Solution File, Format Version 12.00
# Visual Studio Version 16
VisualStudioVersion = 16.0.30803.129
MinimumVisualStudioVersion = 10.0.40219.1
Project("{FAE04EC0-301F-11D3-BF4B-00C04F79EFBC}") = "LINQ.QUERIES", "LINQ.QUERIES\LINQ.QUERIES.csproj", "{D157EAD2-812F-492F-A586-89B76A74959C}"
EndProject
Global
	GlobalSection(SolutionConfigurationPlatforms) = preSolution
		Debug|Any CPU = Debug|Any CPU
		Release|Any CPU = Release|Any CPU
	EndGlobalSection
	GlobalSection(ProjectConfigurationPlatforms) = postSolution
		{D157EAD2-812F-492F-A586-89B76A74959C}.Debug|Any CPU.ActiveCfg = Debug|Any CPU
		{D157EAD2-812F-492F-A586-89B76A74959C}.Debug|Any CPU.Build.0 = Debug|Any CPU
		{D157EAD2-812F-492F-A586-89B76A74959C}.Release|Any CPU.ActiveCfg = Release|Any CPU
		{D157EAD2-812F-492F-A586-89B76A74959C}.Release|Any CPU.Build.0 = Release|Any CPU
	EndGlobalSection
	GlobalSection(SolutionProperties) = preSolution
		HideSolutionNode = FALSE
	EndGlobalSection
	GlobalSection(ExtensibilityGlobals) = postSolution
		SolutionGuid = {8FCDD330-BAEF-44C7-9ECE-5468E2C060FD}
	EndGlobalSection
EndGlobal
