
Microsoft Visual Studio Solution File, Format Version 12.00
# Visual Studio Version 16
VisualStudioVersion = 16.0.30803.129
MinimumVisualStudioVersion = 10.0.40219.1
Project("{FAE04EC0-301F-11D3-BF4B-00C04F79EFBC}") = "HashFunctionExample", "HashFunctionExample\HashFunctionExample.csproj", "{8DDBD212-54A6-4D43-ABB3-2A98A75FA713}"
EndProject
Global
	GlobalSection(SolutionConfigurationPlatforms) = preSolution
		Debug|Any CPU = Debug|Any CPU
		Release|Any CPU = Release|Any CPU
	EndGlobalSection
	GlobalSection(ProjectConfigurationPlatforms) = postSolution
		{8DDBD212-54A6-4D43-ABB3-2A98A75FA713}.Debug|Any CPU.ActiveCfg = Debug|Any CPU
		{8DDBD212-54A6-4D43-ABB3-2A98A75FA713}.Debug|Any CPU.Build.0 = Debug|Any CPU
		{8DDBD212-54A6-4D43-ABB3-2A98A75FA713}.Release|Any CPU.ActiveCfg = Release|Any CPU
		{8DDBD212-54A6-4D43-ABB3-2A98A75FA713}.Release|Any CPU.Build.0 = Release|Any CPU
	EndGlobalSection
	GlobalSection(SolutionProperties) = preSolution
		HideSolutionNode = FALSE
	EndGlobalSection
	GlobalSection(ExtensibilityGlobals) = postSolution
		SolutionGuid = {D473E6B0-719B-4480-A8A2-9DCE526F2F90}
	EndGlobalSection
EndGlobal
