
Microsoft Visual Studio Solution File, Format Version 12.00
# Visual Studio Version 16
VisualStudioVersion = 16.0.30803.129
MinimumVisualStudioVersion = 10.0.40219.1
Project("{FAE04EC0-301F-11D3-BF4B-00C04F79EFBC}") = "Numeral_Systems", "Numeral_Systems\Numeral_Systems.csproj", "{9567A709-1EC4-4CFF-AF93-85BD0AD3B818}"
EndProject
Global
	GlobalSection(SolutionConfigurationPlatforms) = preSolution
		Debug|Any CPU = Debug|Any CPU
		Release|Any CPU = Release|Any CPU
	EndGlobalSection
	GlobalSection(ProjectConfigurationPlatforms) = postSolution
		{9567A709-1EC4-4CFF-AF93-85BD0AD3B818}.Debug|Any CPU.ActiveCfg = Debug|Any CPU
		{9567A709-1EC4-4CFF-AF93-85BD0AD3B818}.Debug|Any CPU.Build.0 = Debug|Any CPU
		{9567A709-1EC4-4CFF-AF93-85BD0AD3B818}.Release|Any CPU.ActiveCfg = Release|Any CPU
		{9567A709-1EC4-4CFF-AF93-85BD0AD3B818}.Release|Any CPU.Build.0 = Release|Any CPU
	EndGlobalSection
	GlobalSection(SolutionProperties) = preSolution
		HideSolutionNode = FALSE
	EndGlobalSection
	GlobalSection(ExtensibilityGlobals) = postSolution
		SolutionGuid = {84D6F67A-ADBA-438F-9EDA-097441F3C617}
	EndGlobalSection
EndGlobal
